
Microsoft Visual Studio Solution File, Format Version 12.00
# Visual Studio Version 17
VisualStudioVersion = 17.4.33205.214
MinimumVisualStudioVersion = 10.0.40219.1
Project("{FAE04EC0-301F-11D3-BF4B-00C04F79EFBC}") = "Podaci", "Podaci\Podaci.csproj", "{D911E7A3-3138-449C-8C8E-7D082142B7C0}"
EndProject
Project("{FAE04EC0-301F-11D3-BF4B-00C04F79EFBC}") = "Forme", "Forme\Forme.csproj", "{93E271AD-468D-45D5-8588-9CD5585FD00D}"
EndProject
Global
	GlobalSection(SolutionConfigurationPlatforms) = preSolution
		Debug|Any CPU = Debug|Any CPU
		Release|Any CPU = Release|Any CPU
	EndGlobalSection
	GlobalSection(ProjectConfigurationPlatforms) = postSolution
		{D911E7A3-3138-449C-8C8E-7D082142B7C0}.Debug|Any CPU.ActiveCfg = Debug|Any CPU
		{D911E7A3-3138-449C-8C8E-7D082142B7C0}.Debug|Any CPU.Build.0 = Debug|Any CPU
		{D911E7A3-3138-449C-8C8E-7D082142B7C0}.Release|Any CPU.ActiveCfg = Release|Any CPU
		{D911E7A3-3138-449C-8C8E-7D082142B7C0}.Release|Any CPU.Build.0 = Release|Any CPU
		{93E271AD-468D-45D5-8588-9CD5585FD00D}.Debug|Any CPU.ActiveCfg = Debug|Any CPU
		{93E271AD-468D-45D5-8588-9CD5585FD00D}.Debug|Any CPU.Build.0 = Debug|Any CPU
		{93E271AD-468D-45D5-8588-9CD5585FD00D}.Release|Any CPU.ActiveCfg = Release|Any CPU
		{93E271AD-468D-45D5-8588-9CD5585FD00D}.Release|Any CPU.Build.0 = Release|Any CPU
	EndGlobalSection
	GlobalSection(SolutionProperties) = preSolution
		HideSolutionNode = FALSE
	EndGlobalSection
	GlobalSection(ExtensibilityGlobals) = postSolution
		SolutionGuid = {7573AD66-53EF-4718-82E2-DBA6CFF23A13}
	EndGlobalSection
EndGlobal
